
Microsoft Visual Studio Solution File, Format Version 12.00
# Visual Studio Version 16
VisualStudioVersion = 16.0.31112.23
MinimumVisualStudioVersion = 10.0.40219.1
Project("{FAE04EC0-301F-11D3-BF4B-00C04F79EFBC}") = "Quiz.Web", "Quiz\Quiz.Web.csproj", "{42442D98-578D-419A-AEE0-ED0447B7C951}"
EndProject
Project("{FAE04EC0-301F-11D3-BF4B-00C04F79EFBC}") = "Quiz.Data", "Quiz.Data\Quiz.Data.csproj", "{178BE3D7-EF64-40BA-8337-C1B6088D2C4B}"
EndProject
Project("{FAE04EC0-301F-11D3-BF4B-00C04F79EFBC}") = "Quiz.Models", "Quiz.Models\Quiz.Models.csproj", "{09F50CCD-21B3-4E6F-8BA4-8A31EAA677FB}"
EndProject
Project("{FAE04EC0-301F-11D3-BF4B-00C04F79EFBC}") = "Quiz.Services", "Quiz.Services\Quiz.Services.csproj", "{4545F503-DD63-49C5-90E6-97DDAC502640}"
EndProject
Project("{FAE04EC0-301F-11D3-BF4B-00C04F79EFBC}") = "Quiz.ConsoleUI", "Quiz.ConsoleUI\Quiz.ConsoleUI.csproj", "{2B3CED45-1AC9-43D2-A5C3-09BECF678423}"
EndProject
Global
	GlobalSection(SolutionConfigurationPlatforms) = preSolution
		Debug|Any CPU = Debug|Any CPU
		Release|Any CPU = Release|Any CPU
	EndGlobalSection
	GlobalSection(ProjectConfigurationPlatforms) = postSolution
		{42442D98-578D-419A-AEE0-ED0447B7C951}.Debug|Any CPU.ActiveCfg = Debug|Any CPU
		{42442D98-578D-419A-AEE0-ED0447B7C951}.Debug|Any CPU.Build.0 = Debug|Any CPU
		{42442D98-578D-419A-AEE0-ED0447B7C951}.Release|Any CPU.ActiveCfg = Release|Any CPU
		{42442D98-578D-419A-AEE0-ED0447B7C951}.Release|Any CPU.Build.0 = Release|Any CPU
		{178BE3D7-EF64-40BA-8337-C1B6088D2C4B}.Debug|Any CPU.ActiveCfg = Debug|Any CPU
		{178BE3D7-EF64-40BA-8337-C1B6088D2C4B}.Debug|Any CPU.Build.0 = Debug|Any CPU
		{178BE3D7-EF64-40BA-8337-C1B6088D2C4B}.Release|Any CPU.ActiveCfg = Release|Any CPU
		{178BE3D7-EF64-40BA-8337-C1B6088D2C4B}.Release|Any CPU.Build.0 = Release|Any CPU
		{09F50CCD-21B3-4E6F-8BA4-8A31EAA677FB}.Debug|Any CPU.ActiveCfg = Debug|Any CPU
		{09F50CCD-21B3-4E6F-8BA4-8A31EAA677FB}.Debug|Any CPU.Build.0 = Debug|Any CPU
		{09F50CCD-21B3-4E6F-8BA4-8A31EAA677FB}.Release|Any CPU.ActiveCfg = Release|Any CPU
		{09F50CCD-21B3-4E6F-8BA4-8A31EAA677FB}.Release|Any CPU.Build.0 = Release|Any CPU
		{4545F503-DD63-49C5-90E6-97DDAC502640}.Debug|Any CPU.ActiveCfg = Debug|Any CPU
		{4545F503-DD63-49C5-90E6-97DDAC502640}.Debug|Any CPU.Build.0 = Debug|Any CPU
		{4545F503-DD63-49C5-90E6-97DDAC502640}.Release|Any CPU.ActiveCfg = Release|Any CPU
		{4545F503-DD63-49C5-90E6-97DDAC502640}.Release|Any CPU.Build.0 = Release|Any CPU
		{2B3CED45-1AC9-43D2-A5C3-09BECF678423}.Debug|Any CPU.ActiveCfg = Debug|Any CPU
		{2B3CED45-1AC9-43D2-A5C3-09BECF678423}.Debug|Any CPU.Build.0 = Debug|Any CPU
		{2B3CED45-1AC9-43D2-A5C3-09BECF678423}.Release|Any CPU.ActiveCfg = Release|Any CPU
		{2B3CED45-1AC9-43D2-A5C3-09BECF678423}.Release|Any CPU.Build.0 = Release|Any CPU
	EndGlobalSection
	GlobalSection(SolutionProperties) = preSolution
		HideSolutionNode = FALSE
	EndGlobalSection
	GlobalSection(ExtensibilityGlobals) = postSolution
		SolutionGuid = {575C8588-B23D-4F79-B3CF-C3AF817FF5BA}
	EndGlobalSection
EndGlobal
